
Microsoft Visual Studio Solution File, Format Version 12.00
# Visual Studio Version 17
VisualStudioVersion = 17.0.31903.59
MinimumVisualStudioVersion = 10.0.40219.1
Project("{2150E333-8FDC-42A3-9474-1A3956D46DE8}") = "Microservices", "Microservices", "{BE8C681B-6D55-4EC4-9878-D7556DE40F24}"
EndProject
Project("{2150E333-8FDC-42A3-9474-1A3956D46DE8}") = "TradeBuddy.Auth", "TradeBuddy.Auth", "{E3465247-34B1-476E-B12A-D751DC4FCDB4}"
EndProject
Project("{9A19103F-16F7-4668-BE54-9A1E7A4F7556}") = "TradeBuddy.Auth.Infrastructure", "Microservices\TradeBuddy.Auth\TradeBuddy.Auth.Infrastructure\TradeBuddy.Auth.Infrastructure.csproj", "{2AE17A7B-FB4D-4717-93A6-908CF5E60EB9}"
EndProject
Project("{9A19103F-16F7-4668-BE54-9A1E7A4F7556}") = "TradeBuddy.Auth.Domain", "Microservices\TradeBuddy.Auth\TradeBuddy.Auth.Domain\TradeBuddy.Auth.Domain.csproj", "{86993EA8-AA75-47D5-B3C8-885A1BE9CB90}"
EndProject
Project("{9A19103F-16F7-4668-BE54-9A1E7A4F7556}") = "TradeBuddy.Auth.Application", "Microservices\TradeBuddy.Auth\TradeBuddy.Auth.Application\TradeBuddy.Auth.Application.csproj", "{D87A4413-6D12-49A6-BF13-E24702AC4C25}"
EndProject
Project("{9A19103F-16F7-4668-BE54-9A1E7A4F7556}") = "TradeBuddy.Auth.Api", "Microservices\TradeBuddy.Auth\TradeBuddy.Auth.Api\TradeBuddy.Auth.Api.csproj", "{23E247D6-DC3C-4F8D-9580-7B3558B33DF7}"
EndProject
Project("{2150E333-8FDC-42A3-9474-1A3956D46DE8}") = "TradeBuddy.Store", "TradeBuddy.Store", "{B93598C7-F8F7-4838-A747-CC4B5944C17C}"
EndProject
Project("{9A19103F-16F7-4668-BE54-9A1E7A4F7556}") = "TradeBuddy.Store.Api", "Microservices\TradeBuddy.Store\TradeBuddy.Store.Api\TradeBuddy.Store.Api.csproj", "{B383860E-ADCE-4F27-BC11-8B58AA316489}"
EndProject
Project("{9A19103F-16F7-4668-BE54-9A1E7A4F7556}") = "TradeBuddy.Store.Application", "Microservices\TradeBuddy.Store\TradeBuddy.Store.Application\TradeBuddy.Store.Application.csproj", "{1ACC9C59-EB57-4BD0-9079-9C75F9AD98F6}"
EndProject
Project("{9A19103F-16F7-4668-BE54-9A1E7A4F7556}") = "TradeBuddy.Store.Domain", "Microservices\TradeBuddy.Store\TradeBuddy.Store.Domain\TradeBuddy.Store.Domain.csproj", "{E04AEAF4-E2DC-4C68-9DE2-E2B3FA54302A}"
EndProject
Project("{9A19103F-16F7-4668-BE54-9A1E7A4F7556}") = "TradeBuddy.Store.Infrastructure", "Microservices\TradeBuddy.Store\TradeBuddy.Store.Infrastructure\TradeBuddy.Store.Infrastructure.csproj", "{B58D8DED-6250-42A4-B93D-E74B5F017B4D}"
EndProject
Project("{2150E333-8FDC-42A3-9474-1A3956D46DE8}") = "TradeBuddy.Order", "TradeBuddy.Order", "{C281DF93-123B-4E90-931B-16D4AF441EC9}"
EndProject
Project("{9A19103F-16F7-4668-BE54-9A1E7A4F7556}") = "TradeBuddy.Order.Api", "Microservices\TradeBuddy.Order\TradeBuddy.Order.Api\TradeBuddy.Order.Api.csproj", "{EDB683C0-FB87-446D-AA5F-783DF280EE01}"
EndProject
Project("{9A19103F-16F7-4668-BE54-9A1E7A4F7556}") = "TradeBuddy.Order.Application", "Microservices\TradeBuddy.Order\TradeBuddy.Order.Application\TradeBuddy.Order.Application.csproj", "{FC8E6380-0CA2-401B-B89A-608C6DC35705}"
EndProject
Project("{9A19103F-16F7-4668-BE54-9A1E7A4F7556}") = "TradeBuddy.Order.Domain", "Microservices\TradeBuddy.Order\TradeBuddy.Order.Domain\TradeBuddy.Order.Domain.csproj", "{EC8AEE26-3803-4A22-9FAB-6E420F3243B8}"
EndProject
Project("{9A19103F-16F7-4668-BE54-9A1E7A4F7556}") = "TradeBuddy.Order.Infrastructure", "Microservices\TradeBuddy.Order\TradeBuddy.Order.Infrastructure\TradeBuddy.Order.Infrastructure.csproj", "{0F6E64FA-5312-4691-89C1-50E15C163EF1}"
EndProject
Project("{2150E333-8FDC-42A3-9474-1A3956D46DE8}") = "TradeBuddy.Payment", "TradeBuddy.Payment", "{AF71B31E-FFFB-4D94-97A6-47A834F534E5}"
EndProject
Project("{9A19103F-16F7-4668-BE54-9A1E7A4F7556}") = "TradeBuddy.Payment.Api", "Microservices\TradeBuddy.Payment\TradeBuddy.Payment.Api\TradeBuddy.Payment.Api.csproj", "{D2E030D8-E49C-484D-97E3-9C7CADCBEB0C}"
EndProject
Project("{9A19103F-16F7-4668-BE54-9A1E7A4F7556}") = "TradeBuddy.Payment.Application", "Microservices\TradeBuddy.Payment\TradeBuddy.Payment.Application\TradeBuddy.Payment.Application.csproj", "{A5F76906-5442-4863-B3E3-2C39E0552916}"
EndProject
Project("{9A19103F-16F7-4668-BE54-9A1E7A4F7556}") = "TradeBuddy.Payment.Domain", "Microservices\TradeBuddy.Payment\TradeBuddy.Payment.Domain\TradeBuddy.Payment.Domain.csproj", "{C8D775AB-4061-41D5-A7DC-3C8F3E5E4FE9}"
EndProject
Project("{9A19103F-16F7-4668-BE54-9A1E7A4F7556}") = "TradeBuddy.Payment.Infrastructure", "Microservices\TradeBuddy.Payment\TradeBuddy.Payment.Infrastructure\TradeBuddy.Payment.Infrastructure.csproj", "{A7F68FF8-506F-46E9-9933-8098DF20BC55}"
EndProject
Project("{2150E333-8FDC-42A3-9474-1A3956D46DE8}") = "TradeBuddy.Notification", "TradeBuddy.Notification", "{90C1317E-546F-4CF5-850B-D7A605B95F08}"
EndProject
Project("{9A19103F-16F7-4668-BE54-9A1E7A4F7556}") = "TradeBuddy.Notification.Api", "Microservices\TradeBuddy.Notification\TradeBuddy.Notification.Api\TradeBuddy.Notification.Api.csproj", "{26013F59-A951-4336-9DEE-983FF611937B}"
EndProject
Project("{9A19103F-16F7-4668-BE54-9A1E7A4F7556}") = "TradeBuddy.Notification.Application", "Microservices\TradeBuddy.Notification\TradeBuddy.Notification.Application\TradeBuddy.Notification.Application.csproj", "{308534AE-6901-4683-BEDF-12204EC6AF4D}"
EndProject
Project("{9A19103F-16F7-4668-BE54-9A1E7A4F7556}") = "TradeBuddy.Notification.Domain", "Microservices\TradeBuddy.Notification\TradeBuddy.Notification.Domain\TradeBuddy.Notification.Domain.csproj", "{B1349502-150C-4817-B4CA-98D8551F28C8}"
EndProject
Project("{2150E333-8FDC-42A3-9474-1A3956D46DE8}") = "TradeBuddy.Gateway", "TradeBuddy.Gateway", "{0A80E43F-E4D5-46F9-82FB-7B99F2D3E4CF}"
EndProject
Project("{9A19103F-16F7-4668-BE54-9A1E7A4F7556}") = "TradeBuddy.APIGateway", "TradeBuddy.APIGateway\TradeBuddy.APIGateway.csproj", "{8E0D5407-C9CE-4C7B-9EE1-7858059E3FD7}"
EndProject
Project("{9A19103F-16F7-4668-BE54-9A1E7A4F7556}") = "TradeBuddy.Notification.Infrastructure", "Microservices\TradeBuddy.Notification\TradeBuddy.Notification.Infrastructure\TradeBuddy.Notification.Infrastructure.csproj", "{917F36B4-5C31-42D4-B75F-51145CB8C471}"
EndProject
Project("{2150E333-8FDC-42A3-9474-1A3956D46DE8}") = "TradeBuddy.Business", "TradeBuddy.Business", "{920731F8-74A2-4A23-8D48-F0E9E92B78C5}"
EndProject
Project("{9A19103F-16F7-4668-BE54-9A1E7A4F7556}") = "TradeBuddy.Business.Application", "microservices\TradeBuddy.Business\TradeBuddy.Business.Application\TradeBuddy.Business.Application.csproj", "{FD71FFDB-BB4F-414C-A5A4-4AA7E6188009}"
EndProject
Project("{9A19103F-16F7-4668-BE54-9A1E7A4F7556}") = "TradeBuddy.Business.Api", "microservices\TradeBuddy.Business\TradeBuddy.Business.Api\TradeBuddy.Business.Api.csproj", "{78EAFDAB-3949-4C63-9E31-EDB5C0AC788F}"
EndProject
Project("{2150E333-8FDC-42A3-9474-1A3956D46DE8}") = "TradeBuddy.Reservation", "TradeBuddy.Reservation", "{54D7B0EB-A956-4F1B-AA9F-A07683ECC7FB}"
EndProject
Project("{9A19103F-16F7-4668-BE54-9A1E7A4F7556}") = "TradeBuddy.Reservation.Infrastructure", "microservices\TradeBuddy.Reservation\TradeBuddy.Reservation.Infrastructure\TradeBuddy.Reservation.Infrastructure.csproj", "{FB9F8832-04C2-47D9-9567-3EF90B4EF627}"
EndProject
Project("{9A19103F-16F7-4668-BE54-9A1E7A4F7556}") = "TradeBuddy.Reservation.Domain", "microservices\TradeBuddy.Reservation\TradeBuddy.Reservation.Domain\TradeBuddy.Reservation.Domain.csproj", "{72D5216A-C18F-4F51-8616-7D11AA38898B}"
EndProject
Project("{9A19103F-16F7-4668-BE54-9A1E7A4F7556}") = "TradeBuddy.Reservation.Application", "microservices\TradeBuddy.Reservation\TradeBuddy.Reservation.Application\TradeBuddy.Reservation.Application.csproj", "{F98B1594-AA82-4567-9656-1F3640838313}"
EndProject
Project("{9A19103F-16F7-4668-BE54-9A1E7A4F7556}") = "TradeBuddy.Reservation.Api", "microservices\TradeBuddy.Reservation\TradeBuddy.Reservation.Api\TradeBuddy.Reservation.Api.csproj", "{87A2ED1A-57AF-4DEF-AA8C-A623C9E305A7}"
EndProject
Project("{9A19103F-16F7-4668-BE54-9A1E7A4F7556}") = "TradeBuddy.Business.Domain", "microservices\TradeBuddy.Business\TradeBuddy.Business.Domain\TradeBuddy.Business.Domain.csproj", "{B3CCF74E-8CC1-4CBF-B348-95BD73AD121A}"
EndProject
Project("{9A19103F-16F7-4668-BE54-9A1E7A4F7556}") = "TradeBuddy.Business.Infrastructure", "microservices\TradeBuddy.Business\TradeBuddy.Business.Infrastructure\TradeBuddy.Business.Infrastructure.csproj", "{41C8F9D4-39CD-4B6A-9539-01A79693FC4B}"
EndProject
Project("{9A19103F-16F7-4668-BE54-9A1E7A4F7556}") = "TradeBuddy.Appointment.Domain", "Microservices\TradeBuddy.Appointment\TradeBuddy.Appointment.Domain\TradeBuddy.Appointment.Domain.csproj", "{6F00CEA7-9223-446C-9E1A-B780D1C24871}"
EndProject
Project("{9A19103F-16F7-4668-BE54-9A1E7A4F7556}") = "TradeBuddy.Appointment.Infrastructure", "Microservices\TradeBuddy.Appointment\TradeBuddy.Appointment.Infrastructure\TradeBuddy.Appointment.Infrastructure.csproj", "{43C02420-BDBA-40EE-ACEB-43DD9EEFD3C4}"
EndProject
Project("{9A19103F-16F7-4668-BE54-9A1E7A4F7556}") = "TradeBuddy.Appointment.Application", "Microservices\TradeBuddy.Appointment\TradeBuddy.Appointment.Application\TradeBuddy.Appointment.Application.csproj", "{F604DBF4-824F-4764-B5B8-8D4899791EA2}"
EndProject
Project("{9A19103F-16F7-4668-BE54-9A1E7A4F7556}") = "TradeBuddy.Appointment.Api", "Microservices\TradeBuddy.Appointment\TradeBuddy.Appointment.Api\TradeBuddy.Appointment.Api.csproj", "{EF49AA24-6797-4E9D-B73D-13FCE628A959}"
EndProject
Project("{2150E333-8FDC-42A3-9474-1A3956D46DE8}") = "TradeBuddy.Appointment", "TradeBuddy.Appointment", "{B9D470C6-C190-4864-AB21-9709B326B651}"
EndProject
Project("{2150E333-8FDC-42A3-9474-1A3956D46DE8}") = "TradeBuddy.Review", "TradeBuddy.Review", "{3AC468F6-A379-44E9-8B3E-F1904FF6CD58}"
EndProject
Project("{9A19103F-16F7-4668-BE54-9A1E7A4F7556}") = "TradeBuddy.Review.Api", "Microservices\TradeBuddy.Review\TradeBuddy.Review.Api\TradeBuddy.Review.Api.csproj", "{14E307E4-1387-401D-A486-0EE9F2AB0A27}"
EndProject
Project("{9A19103F-16F7-4668-BE54-9A1E7A4F7556}") = "TradeBuddy.Review.Application", "Microservices\TradeBuddy.Review\TradeBuddy.Review.Application\TradeBuddy.Review.Application.csproj", "{3F9EFD65-EDCD-4DBA-AF9B-B2246B313C03}"
EndProject
Project("{9A19103F-16F7-4668-BE54-9A1E7A4F7556}") = "TradeBuddy.Review.Domain", "Microservices\TradeBuddy.Review\TradeBuddy.Review.Domain\TradeBuddy.Review.Domain.csproj", "{78F58E04-7F68-4851-AE88-AC3D7821073B}"
EndProject
Project("{9A19103F-16F7-4668-BE54-9A1E7A4F7556}") = "TradeBuddy.Review.Infrastructure", "Microservices\TradeBuddy.Review\TradeBuddy.Review.Infrastructure\TradeBuddy.Review.Infrastructure.csproj", "{D2F5B007-AFDB-4BD8-B285-F4953C7D7C9D}"
EndProject
Project("{2150E333-8FDC-42A3-9474-1A3956D46DE8}") = "TradeBuddy.FileManager", "TradeBuddy.FileManager", "{44781298-3F4E-4079-BDF4-EABE80FF71B7}"
EndProject
Project("{9A19103F-16F7-4668-BE54-9A1E7A4F7556}") = "TradeBuddy.FileManager.Api", "Microservices\TradeBuddy.FileManager\TradeBuddy.FileManager.Api\TradeBuddy.FileManager.Api.csproj", "{C3D902BD-E2B3-4095-8B10-1786167782AB}"
EndProject
Project("{9A19103F-16F7-4668-BE54-9A1E7A4F7556}") = "TradeBuddy.FileManager.Infrastructure", "Microservices\TradeBuddy.FileManager\TradeBuddy.FileManager.Infrastructure\TradeBuddy.FileManager.Infrastructure.csproj", "{CBAE9428-ADF3-4898-A4BF-931E2B6632C1}"
EndProject
Project("{9A19103F-16F7-4668-BE54-9A1E7A4F7556}") = "TradeBuddy.FileManager.Domain", "Microservices\TradeBuddy.FileManager\TradeBuddy.FileManager.Domain\TradeBuddy.FileManager.Domain.csproj", "{5F5E3ABB-AB8A-4054-BF73-2D240C34EF64}"
EndProject
Project("{9A19103F-16F7-4668-BE54-9A1E7A4F7556}") = "TradeBuddy.FileManager.Application", "Microservices\TradeBuddy.FileManager\TradeBuddy.FileManager.Application\TradeBuddy.FileManager.Application.csproj", "{74E1AEF7-E76C-4D3F-898A-893FDF6C8C6A}"
EndProject
Project("{FAE04EC0-301F-11D3-BF4B-00C04F79EFBC}") = "TradeBuddy.Pricing.Api", "Microservices\TradeBuddy.Pricing\TradeBuddy.Pricing.Api\TradeBuddy.Pricing.Api.csproj", "{9245920F-AEBA-4EC0-A853-1A60517F5667}"
EndProject
Project("{2150E333-8FDC-42A3-9474-1A3956D46DE8}") = "TradeBuddy.Pricing", "TradeBuddy.Pricing", "{E4543292-3B1A-407D-A687-D32FDD507383}"
EndProject
Project("{FAE04EC0-301F-11D3-BF4B-00C04F79EFBC}") = "TradeBuddy.Pricing.Application", "Microservices\TradeBuddy.Pricing\TradeBuddy.Pricing.Application\TradeBuddy.Pricing.Application.csproj", "{F5DF5CC8-D3A7-4E00-85C3-92419F3F2ACB}"
EndProject
Project("{FAE04EC0-301F-11D3-BF4B-00C04F79EFBC}") = "TradeBuddy.Pricing.Infrastructure", "Microservices\TradeBuddy.Pricing\TradeBuddy.Pricing.Infrastructure\TradeBuddy.Pricing.Infrastructure.csproj", "{FC4C63EB-CB64-46D8-8B6A-68B823006D47}"
EndProject
Project("{FAE04EC0-301F-11D3-BF4B-00C04F79EFBC}") = "TradeBuddy.Pricing.Domain", "Microservices\TradeBuddy.Pricing\TradeBuddy.Pricing.Domain\TradeBuddy.Pricing.Domain.csproj", "{FB067E36-AFF8-4A58-98C3-CFFCAB76FEB5}"
EndProject
Global
	GlobalSection(SolutionConfigurationPlatforms) = preSolution
		Debug|Any CPU = Debug|Any CPU
		Debug|x64 = Debug|x64
		Debug|x86 = Debug|x86
		Release|Any CPU = Release|Any CPU
		Release|x64 = Release|x64
		Release|x86 = Release|x86
	EndGlobalSection
	GlobalSection(ProjectConfigurationPlatforms) = postSolution
		{2AE17A7B-FB4D-4717-93A6-908CF5E60EB9}.Debug|Any CPU.ActiveCfg = Debug|Any CPU
		{2AE17A7B-FB4D-4717-93A6-908CF5E60EB9}.Debug|Any CPU.Build.0 = Debug|Any CPU
		{2AE17A7B-FB4D-4717-93A6-908CF5E60EB9}.Debug|x64.ActiveCfg = Debug|Any CPU
		{2AE17A7B-FB4D-4717-93A6-908CF5E60EB9}.Debug|x64.Build.0 = Debug|Any CPU
		{2AE17A7B-FB4D-4717-93A6-908CF5E60EB9}.Debug|x86.ActiveCfg = Debug|Any CPU
		{2AE17A7B-FB4D-4717-93A6-908CF5E60EB9}.Debug|x86.Build.0 = Debug|Any CPU
		{2AE17A7B-FB4D-4717-93A6-908CF5E60EB9}.Release|Any CPU.ActiveCfg = Release|Any CPU
		{2AE17A7B-FB4D-4717-93A6-908CF5E60EB9}.Release|Any CPU.Build.0 = Release|Any CPU
		{2AE17A7B-FB4D-4717-93A6-908CF5E60EB9}.Release|x64.ActiveCfg = Release|Any CPU
		{2AE17A7B-FB4D-4717-93A6-908CF5E60EB9}.Release|x64.Build.0 = Release|Any CPU
		{2AE17A7B-FB4D-4717-93A6-908CF5E60EB9}.Release|x86.ActiveCfg = Release|Any CPU
		{2AE17A7B-FB4D-4717-93A6-908CF5E60EB9}.Release|x86.Build.0 = Release|Any CPU
		{86993EA8-AA75-47D5-B3C8-885A1BE9CB90}.Debug|Any CPU.ActiveCfg = Debug|Any CPU
		{86993EA8-AA75-47D5-B3C8-885A1BE9CB90}.Debug|Any CPU.Build.0 = Debug|Any CPU
		{86993EA8-AA75-47D5-B3C8-885A1BE9CB90}.Debug|x64.ActiveCfg = Debug|Any CPU
		{86993EA8-AA75-47D5-B3C8-885A1BE9CB90}.Debug|x64.Build.0 = Debug|Any CPU
		{86993EA8-AA75-47D5-B3C8-885A1BE9CB90}.Debug|x86.ActiveCfg = Debug|Any CPU
		{86993EA8-AA75-47D5-B3C8-885A1BE9CB90}.Debug|x86.Build.0 = Debug|Any CPU
		{86993EA8-AA75-47D5-B3C8-885A1BE9CB90}.Release|Any CPU.ActiveCfg = Release|Any CPU
		{86993EA8-AA75-47D5-B3C8-885A1BE9CB90}.Release|Any CPU.Build.0 = Release|Any CPU
		{86993EA8-AA75-47D5-B3C8-885A1BE9CB90}.Release|x64.ActiveCfg = Release|Any CPU
		{86993EA8-AA75-47D5-B3C8-885A1BE9CB90}.Release|x64.Build.0 = Release|Any CPU
		{86993EA8-AA75-47D5-B3C8-885A1BE9CB90}.Release|x86.ActiveCfg = Release|Any CPU
		{86993EA8-AA75-47D5-B3C8-885A1BE9CB90}.Release|x86.Build.0 = Release|Any CPU
		{D87A4413-6D12-49A6-BF13-E24702AC4C25}.Debug|Any CPU.ActiveCfg = Debug|Any CPU
		{D87A4413-6D12-49A6-BF13-E24702AC4C25}.Debug|Any CPU.Build.0 = Debug|Any CPU
		{D87A4413-6D12-49A6-BF13-E24702AC4C25}.Debug|x64.ActiveCfg = Debug|Any CPU
		{D87A4413-6D12-49A6-BF13-E24702AC4C25}.Debug|x64.Build.0 = Debug|Any CPU
		{D87A4413-6D12-49A6-BF13-E24702AC4C25}.Debug|x86.ActiveCfg = Debug|Any CPU
		{D87A4413-6D12-49A6-BF13-E24702AC4C25}.Debug|x86.Build.0 = Debug|Any CPU
		{D87A4413-6D12-49A6-BF13-E24702AC4C25}.Release|Any CPU.ActiveCfg = Release|Any CPU
		{D87A4413-6D12-49A6-BF13-E24702AC4C25}.Release|Any CPU.Build.0 = Release|Any CPU
		{D87A4413-6D12-49A6-BF13-E24702AC4C25}.Release|x64.ActiveCfg = Release|Any CPU
		{D87A4413-6D12-49A6-BF13-E24702AC4C25}.Release|x64.Build.0 = Release|Any CPU
		{D87A4413-6D12-49A6-BF13-E24702AC4C25}.Release|x86.ActiveCfg = Release|Any CPU
		{D87A4413-6D12-49A6-BF13-E24702AC4C25}.Release|x86.Build.0 = Release|Any CPU
		{23E247D6-DC3C-4F8D-9580-7B3558B33DF7}.Debug|Any CPU.ActiveCfg = Debug|Any CPU
		{23E247D6-DC3C-4F8D-9580-7B3558B33DF7}.Debug|Any CPU.Build.0 = Debug|Any CPU
		{23E247D6-DC3C-4F8D-9580-7B3558B33DF7}.Debug|x64.ActiveCfg = Debug|Any CPU
		{23E247D6-DC3C-4F8D-9580-7B3558B33DF7}.Debug|x64.Build.0 = Debug|Any CPU
		{23E247D6-DC3C-4F8D-9580-7B3558B33DF7}.Debug|x86.ActiveCfg = Debug|Any CPU
		{23E247D6-DC3C-4F8D-9580-7B3558B33DF7}.Debug|x86.Build.0 = Debug|Any CPU
		{23E247D6-DC3C-4F8D-9580-7B3558B33DF7}.Release|Any CPU.ActiveCfg = Release|Any CPU
		{23E247D6-DC3C-4F8D-9580-7B3558B33DF7}.Release|Any CPU.Build.0 = Release|Any CPU
		{23E247D6-DC3C-4F8D-9580-7B3558B33DF7}.Release|x64.ActiveCfg = Release|Any CPU
		{23E247D6-DC3C-4F8D-9580-7B3558B33DF7}.Release|x64.Build.0 = Release|Any CPU
		{23E247D6-DC3C-4F8D-9580-7B3558B33DF7}.Release|x86.ActiveCfg = Release|Any CPU
		{23E247D6-DC3C-4F8D-9580-7B3558B33DF7}.Release|x86.Build.0 = Release|Any CPU
		{B383860E-ADCE-4F27-BC11-8B58AA316489}.Debug|Any CPU.ActiveCfg = Debug|Any CPU
		{B383860E-ADCE-4F27-BC11-8B58AA316489}.Debug|Any CPU.Build.0 = Debug|Any CPU
		{B383860E-ADCE-4F27-BC11-8B58AA316489}.Debug|x64.ActiveCfg = Debug|Any CPU
		{B383860E-ADCE-4F27-BC11-8B58AA316489}.Debug|x64.Build.0 = Debug|Any CPU
		{B383860E-ADCE-4F27-BC11-8B58AA316489}.Debug|x86.ActiveCfg = Debug|Any CPU
		{B383860E-ADCE-4F27-BC11-8B58AA316489}.Debug|x86.Build.0 = Debug|Any CPU
		{B383860E-ADCE-4F27-BC11-8B58AA316489}.Release|Any CPU.ActiveCfg = Release|Any CPU
		{B383860E-ADCE-4F27-BC11-8B58AA316489}.Release|Any CPU.Build.0 = Release|Any CPU
		{B383860E-ADCE-4F27-BC11-8B58AA316489}.Release|x64.ActiveCfg = Release|Any CPU
		{B383860E-ADCE-4F27-BC11-8B58AA316489}.Release|x64.Build.0 = Release|Any CPU
		{B383860E-ADCE-4F27-BC11-8B58AA316489}.Release|x86.ActiveCfg = Release|Any CPU
		{B383860E-ADCE-4F27-BC11-8B58AA316489}.Release|x86.Build.0 = Release|Any CPU
		{1ACC9C59-EB57-4BD0-9079-9C75F9AD98F6}.Debug|Any CPU.ActiveCfg = Debug|Any CPU
		{1ACC9C59-EB57-4BD0-9079-9C75F9AD98F6}.Debug|Any CPU.Build.0 = Debug|Any CPU
		{1ACC9C59-EB57-4BD0-9079-9C75F9AD98F6}.Debug|x64.ActiveCfg = Debug|Any CPU
		{1ACC9C59-EB57-4BD0-9079-9C75F9AD98F6}.Debug|x64.Build.0 = Debug|Any CPU
		{1ACC9C59-EB57-4BD0-9079-9C75F9AD98F6}.Debug|x86.ActiveCfg = Debug|Any CPU
		{1ACC9C59-EB57-4BD0-9079-9C75F9AD98F6}.Debug|x86.Build.0 = Debug|Any CPU
		{1ACC9C59-EB57-4BD0-9079-9C75F9AD98F6}.Release|Any CPU.ActiveCfg = Release|Any CPU
		{1ACC9C59-EB57-4BD0-9079-9C75F9AD98F6}.Release|Any CPU.Build.0 = Release|Any CPU
		{1ACC9C59-EB57-4BD0-9079-9C75F9AD98F6}.Release|x64.ActiveCfg = Release|Any CPU
		{1ACC9C59-EB57-4BD0-9079-9C75F9AD98F6}.Release|x64.Build.0 = Release|Any CPU
		{1ACC9C59-EB57-4BD0-9079-9C75F9AD98F6}.Release|x86.ActiveCfg = Release|Any CPU
		{1ACC9C59-EB57-4BD0-9079-9C75F9AD98F6}.Release|x86.Build.0 = Release|Any CPU
		{E04AEAF4-E2DC-4C68-9DE2-E2B3FA54302A}.Debug|Any CPU.ActiveCfg = Debug|Any CPU
		{E04AEAF4-E2DC-4C68-9DE2-E2B3FA54302A}.Debug|Any CPU.Build.0 = Debug|Any CPU
		{E04AEAF4-E2DC-4C68-9DE2-E2B3FA54302A}.Debug|x64.ActiveCfg = Debug|Any CPU
		{E04AEAF4-E2DC-4C68-9DE2-E2B3FA54302A}.Debug|x64.Build.0 = Debug|Any CPU
		{E04AEAF4-E2DC-4C68-9DE2-E2B3FA54302A}.Debug|x86.ActiveCfg = Debug|Any CPU
		{E04AEAF4-E2DC-4C68-9DE2-E2B3FA54302A}.Debug|x86.Build.0 = Debug|Any CPU
		{E04AEAF4-E2DC-4C68-9DE2-E2B3FA54302A}.Release|Any CPU.ActiveCfg = Release|Any CPU
		{E04AEAF4-E2DC-4C68-9DE2-E2B3FA54302A}.Release|Any CPU.Build.0 = Release|Any CPU
		{E04AEAF4-E2DC-4C68-9DE2-E2B3FA54302A}.Release|x64.ActiveCfg = Release|Any CPU
		{E04AEAF4-E2DC-4C68-9DE2-E2B3FA54302A}.Release|x64.Build.0 = Release|Any CPU
		{E04AEAF4-E2DC-4C68-9DE2-E2B3FA54302A}.Release|x86.ActiveCfg = Release|Any CPU
		{E04AEAF4-E2DC-4C68-9DE2-E2B3FA54302A}.Release|x86.Build.0 = Release|Any CPU
		{B58D8DED-6250-42A4-B93D-E74B5F017B4D}.Debug|Any CPU.ActiveCfg = Debug|Any CPU
		{B58D8DED-6250-42A4-B93D-E74B5F017B4D}.Debug|Any CPU.Build.0 = Debug|Any CPU
		{B58D8DED-6250-42A4-B93D-E74B5F017B4D}.Debug|x64.ActiveCfg = Debug|Any CPU
		{B58D8DED-6250-42A4-B93D-E74B5F017B4D}.Debug|x64.Build.0 = Debug|Any CPU
		{B58D8DED-6250-42A4-B93D-E74B5F017B4D}.Debug|x86.ActiveCfg = Debug|Any CPU
		{B58D8DED-6250-42A4-B93D-E74B5F017B4D}.Debug|x86.Build.0 = Debug|Any CPU
		{B58D8DED-6250-42A4-B93D-E74B5F017B4D}.Release|Any CPU.ActiveCfg = Release|Any CPU
		{B58D8DED-6250-42A4-B93D-E74B5F017B4D}.Release|Any CPU.Build.0 = Release|Any CPU
		{B58D8DED-6250-42A4-B93D-E74B5F017B4D}.Release|x64.ActiveCfg = Release|Any CPU
		{B58D8DED-6250-42A4-B93D-E74B5F017B4D}.Release|x64.Build.0 = Release|Any CPU
		{B58D8DED-6250-42A4-B93D-E74B5F017B4D}.Release|x86.ActiveCfg = Release|Any CPU
		{B58D8DED-6250-42A4-B93D-E74B5F017B4D}.Release|x86.Build.0 = Release|Any CPU
		{EDB683C0-FB87-446D-AA5F-783DF280EE01}.Debug|Any CPU.ActiveCfg = Debug|Any CPU
		{EDB683C0-FB87-446D-AA5F-783DF280EE01}.Debug|Any CPU.Build.0 = Debug|Any CPU
		{EDB683C0-FB87-446D-AA5F-783DF280EE01}.Debug|x64.ActiveCfg = Debug|Any CPU
		{EDB683C0-FB87-446D-AA5F-783DF280EE01}.Debug|x64.Build.0 = Debug|Any CPU
		{EDB683C0-FB87-446D-AA5F-783DF280EE01}.Debug|x86.ActiveCfg = Debug|Any CPU
		{EDB683C0-FB87-446D-AA5F-783DF280EE01}.Debug|x86.Build.0 = Debug|Any CPU
		{EDB683C0-FB87-446D-AA5F-783DF280EE01}.Release|Any CPU.ActiveCfg = Release|Any CPU
		{EDB683C0-FB87-446D-AA5F-783DF280EE01}.Release|Any CPU.Build.0 = Release|Any CPU
		{EDB683C0-FB87-446D-AA5F-783DF280EE01}.Release|x64.ActiveCfg = Release|Any CPU
		{EDB683C0-FB87-446D-AA5F-783DF280EE01}.Release|x64.Build.0 = Release|Any CPU
		{EDB683C0-FB87-446D-AA5F-783DF280EE01}.Release|x86.ActiveCfg = Release|Any CPU
		{EDB683C0-FB87-446D-AA5F-783DF280EE01}.Release|x86.Build.0 = Release|Any CPU
		{FC8E6380-0CA2-401B-B89A-608C6DC35705}.Debug|Any CPU.ActiveCfg = Debug|Any CPU
		{FC8E6380-0CA2-401B-B89A-608C6DC35705}.Debug|Any CPU.Build.0 = Debug|Any CPU
		{FC8E6380-0CA2-401B-B89A-608C6DC35705}.Debug|x64.ActiveCfg = Debug|Any CPU
		{FC8E6380-0CA2-401B-B89A-608C6DC35705}.Debug|x64.Build.0 = Debug|Any CPU
		{FC8E6380-0CA2-401B-B89A-608C6DC35705}.Debug|x86.ActiveCfg = Debug|Any CPU
		{FC8E6380-0CA2-401B-B89A-608C6DC35705}.Debug|x86.Build.0 = Debug|Any CPU
		{FC8E6380-0CA2-401B-B89A-608C6DC35705}.Release|Any CPU.ActiveCfg = Release|Any CPU
		{FC8E6380-0CA2-401B-B89A-608C6DC35705}.Release|Any CPU.Build.0 = Release|Any CPU
		{FC8E6380-0CA2-401B-B89A-608C6DC35705}.Release|x64.ActiveCfg = Release|Any CPU
		{FC8E6380-0CA2-401B-B89A-608C6DC35705}.Release|x64.Build.0 = Release|Any CPU
		{FC8E6380-0CA2-401B-B89A-608C6DC35705}.Release|x86.ActiveCfg = Release|Any CPU
		{FC8E6380-0CA2-401B-B89A-608C6DC35705}.Release|x86.Build.0 = Release|Any CPU
		{EC8AEE26-3803-4A22-9FAB-6E420F3243B8}.Debug|Any CPU.ActiveCfg = Debug|Any CPU
		{EC8AEE26-3803-4A22-9FAB-6E420F3243B8}.Debug|Any CPU.Build.0 = Debug|Any CPU
		{EC8AEE26-3803-4A22-9FAB-6E420F3243B8}.Debug|x64.ActiveCfg = Debug|Any CPU
		{EC8AEE26-3803-4A22-9FAB-6E420F3243B8}.Debug|x64.Build.0 = Debug|Any CPU
		{EC8AEE26-3803-4A22-9FAB-6E420F3243B8}.Debug|x86.ActiveCfg = Debug|Any CPU
		{EC8AEE26-3803-4A22-9FAB-6E420F3243B8}.Debug|x86.Build.0 = Debug|Any CPU
		{EC8AEE26-3803-4A22-9FAB-6E420F3243B8}.Release|Any CPU.ActiveCfg = Release|Any CPU
		{EC8AEE26-3803-4A22-9FAB-6E420F3243B8}.Release|Any CPU.Build.0 = Release|Any CPU
		{EC8AEE26-3803-4A22-9FAB-6E420F3243B8}.Release|x64.ActiveCfg = Release|Any CPU
		{EC8AEE26-3803-4A22-9FAB-6E420F3243B8}.Release|x64.Build.0 = Release|Any CPU
		{EC8AEE26-3803-4A22-9FAB-6E420F3243B8}.Release|x86.ActiveCfg = Release|Any CPU
		{EC8AEE26-3803-4A22-9FAB-6E420F3243B8}.Release|x86.Build.0 = Release|Any CPU
		{0F6E64FA-5312-4691-89C1-50E15C163EF1}.Debug|Any CPU.ActiveCfg = Debug|Any CPU
		{0F6E64FA-5312-4691-89C1-50E15C163EF1}.Debug|Any CPU.Build.0 = Debug|Any CPU
		{0F6E64FA-5312-4691-89C1-50E15C163EF1}.Debug|x64.ActiveCfg = Debug|Any CPU
		{0F6E64FA-5312-4691-89C1-50E15C163EF1}.Debug|x64.Build.0 = Debug|Any CPU
		{0F6E64FA-5312-4691-89C1-50E15C163EF1}.Debug|x86.ActiveCfg = Debug|Any CPU
		{0F6E64FA-5312-4691-89C1-50E15C163EF1}.Debug|x86.Build.0 = Debug|Any CPU
		{0F6E64FA-5312-4691-89C1-50E15C163EF1}.Release|Any CPU.ActiveCfg = Release|Any CPU
		{0F6E64FA-5312-4691-89C1-50E15C163EF1}.Release|Any CPU.Build.0 = Release|Any CPU
		{0F6E64FA-5312-4691-89C1-50E15C163EF1}.Release|x64.ActiveCfg = Release|Any CPU
		{0F6E64FA-5312-4691-89C1-50E15C163EF1}.Release|x64.Build.0 = Release|Any CPU
		{0F6E64FA-5312-4691-89C1-50E15C163EF1}.Release|x86.ActiveCfg = Release|Any CPU
		{0F6E64FA-5312-4691-89C1-50E15C163EF1}.Release|x86.Build.0 = Release|Any CPU
		{D2E030D8-E49C-484D-97E3-9C7CADCBEB0C}.Debug|Any CPU.ActiveCfg = Debug|Any CPU
		{D2E030D8-E49C-484D-97E3-9C7CADCBEB0C}.Debug|Any CPU.Build.0 = Debug|Any CPU
		{D2E030D8-E49C-484D-97E3-9C7CADCBEB0C}.Debug|x64.ActiveCfg = Debug|Any CPU
		{D2E030D8-E49C-484D-97E3-9C7CADCBEB0C}.Debug|x64.Build.0 = Debug|Any CPU
		{D2E030D8-E49C-484D-97E3-9C7CADCBEB0C}.Debug|x86.ActiveCfg = Debug|Any CPU
		{D2E030D8-E49C-484D-97E3-9C7CADCBEB0C}.Debug|x86.Build.0 = Debug|Any CPU
		{D2E030D8-E49C-484D-97E3-9C7CADCBEB0C}.Release|Any CPU.ActiveCfg = Release|Any CPU
		{D2E030D8-E49C-484D-97E3-9C7CADCBEB0C}.Release|Any CPU.Build.0 = Release|Any CPU
		{D2E030D8-E49C-484D-97E3-9C7CADCBEB0C}.Release|x64.ActiveCfg = Release|Any CPU
		{D2E030D8-E49C-484D-97E3-9C7CADCBEB0C}.Release|x64.Build.0 = Release|Any CPU
		{D2E030D8-E49C-484D-97E3-9C7CADCBEB0C}.Release|x86.ActiveCfg = Release|Any CPU
		{D2E030D8-E49C-484D-97E3-9C7CADCBEB0C}.Release|x86.Build.0 = Release|Any CPU
		{A5F76906-5442-4863-B3E3-2C39E0552916}.Debug|Any CPU.ActiveCfg = Debug|Any CPU
		{A5F76906-5442-4863-B3E3-2C39E0552916}.Debug|Any CPU.Build.0 = Debug|Any CPU
		{A5F76906-5442-4863-B3E3-2C39E0552916}.Debug|x64.ActiveCfg = Debug|Any CPU
		{A5F76906-5442-4863-B3E3-2C39E0552916}.Debug|x64.Build.0 = Debug|Any CPU
		{A5F76906-5442-4863-B3E3-2C39E0552916}.Debug|x86.ActiveCfg = Debug|Any CPU
		{A5F76906-5442-4863-B3E3-2C39E0552916}.Debug|x86.Build.0 = Debug|Any CPU
		{A5F76906-5442-4863-B3E3-2C39E0552916}.Release|Any CPU.ActiveCfg = Release|Any CPU
		{A5F76906-5442-4863-B3E3-2C39E0552916}.Release|Any CPU.Build.0 = Release|Any CPU
		{A5F76906-5442-4863-B3E3-2C39E0552916}.Release|x64.ActiveCfg = Release|Any CPU
		{A5F76906-5442-4863-B3E3-2C39E0552916}.Release|x64.Build.0 = Release|Any CPU
		{A5F76906-5442-4863-B3E3-2C39E0552916}.Release|x86.ActiveCfg = Release|Any CPU
		{A5F76906-5442-4863-B3E3-2C39E0552916}.Release|x86.Build.0 = Release|Any CPU
		{C8D775AB-4061-41D5-A7DC-3C8F3E5E4FE9}.Debug|Any CPU.ActiveCfg = Debug|Any CPU
		{C8D775AB-4061-41D5-A7DC-3C8F3E5E4FE9}.Debug|Any CPU.Build.0 = Debug|Any CPU
		{C8D775AB-4061-41D5-A7DC-3C8F3E5E4FE9}.Debug|x64.ActiveCfg = Debug|Any CPU
		{C8D775AB-4061-41D5-A7DC-3C8F3E5E4FE9}.Debug|x64.Build.0 = Debug|Any CPU
		{C8D775AB-4061-41D5-A7DC-3C8F3E5E4FE9}.Debug|x86.ActiveCfg = Debug|Any CPU
		{C8D775AB-4061-41D5-A7DC-3C8F3E5E4FE9}.Debug|x86.Build.0 = Debug|Any CPU
		{C8D775AB-4061-41D5-A7DC-3C8F3E5E4FE9}.Release|Any CPU.ActiveCfg = Release|Any CPU
		{C8D775AB-4061-41D5-A7DC-3C8F3E5E4FE9}.Release|Any CPU.Build.0 = Release|Any CPU
		{C8D775AB-4061-41D5-A7DC-3C8F3E5E4FE9}.Release|x64.ActiveCfg = Release|Any CPU
		{C8D775AB-4061-41D5-A7DC-3C8F3E5E4FE9}.Release|x64.Build.0 = Release|Any CPU
		{C8D775AB-4061-41D5-A7DC-3C8F3E5E4FE9}.Release|x86.ActiveCfg = Release|Any CPU
		{C8D775AB-4061-41D5-A7DC-3C8F3E5E4FE9}.Release|x86.Build.0 = Release|Any CPU
		{A7F68FF8-506F-46E9-9933-8098DF20BC55}.Debug|Any CPU.ActiveCfg = Debug|Any CPU
		{A7F68FF8-506F-46E9-9933-8098DF20BC55}.Debug|Any CPU.Build.0 = Debug|Any CPU
		{A7F68FF8-506F-46E9-9933-8098DF20BC55}.Debug|x64.ActiveCfg = Debug|Any CPU
		{A7F68FF8-506F-46E9-9933-8098DF20BC55}.Debug|x64.Build.0 = Debug|Any CPU
		{A7F68FF8-506F-46E9-9933-8098DF20BC55}.Debug|x86.ActiveCfg = Debug|Any CPU
		{A7F68FF8-506F-46E9-9933-8098DF20BC55}.Debug|x86.Build.0 = Debug|Any CPU
		{A7F68FF8-506F-46E9-9933-8098DF20BC55}.Release|Any CPU.ActiveCfg = Release|Any CPU
		{A7F68FF8-506F-46E9-9933-8098DF20BC55}.Release|Any CPU.Build.0 = Release|Any CPU
		{A7F68FF8-506F-46E9-9933-8098DF20BC55}.Release|x64.ActiveCfg = Release|Any CPU
		{A7F68FF8-506F-46E9-9933-8098DF20BC55}.Release|x64.Build.0 = Release|Any CPU
		{A7F68FF8-506F-46E9-9933-8098DF20BC55}.Release|x86.ActiveCfg = Release|Any CPU
		{A7F68FF8-506F-46E9-9933-8098DF20BC55}.Release|x86.Build.0 = Release|Any CPU
		{26013F59-A951-4336-9DEE-983FF611937B}.Debug|Any CPU.ActiveCfg = Debug|Any CPU
		{26013F59-A951-4336-9DEE-983FF611937B}.Debug|Any CPU.Build.0 = Debug|Any CPU
		{26013F59-A951-4336-9DEE-983FF611937B}.Debug|x64.ActiveCfg = Debug|Any CPU
		{26013F59-A951-4336-9DEE-983FF611937B}.Debug|x64.Build.0 = Debug|Any CPU
		{26013F59-A951-4336-9DEE-983FF611937B}.Debug|x86.ActiveCfg = Debug|Any CPU
		{26013F59-A951-4336-9DEE-983FF611937B}.Debug|x86.Build.0 = Debug|Any CPU
		{26013F59-A951-4336-9DEE-983FF611937B}.Release|Any CPU.ActiveCfg = Release|Any CPU
		{26013F59-A951-4336-9DEE-983FF611937B}.Release|Any CPU.Build.0 = Release|Any CPU
		{26013F59-A951-4336-9DEE-983FF611937B}.Release|x64.ActiveCfg = Release|Any CPU
		{26013F59-A951-4336-9DEE-983FF611937B}.Release|x64.Build.0 = Release|Any CPU
		{26013F59-A951-4336-9DEE-983FF611937B}.Release|x86.ActiveCfg = Release|Any CPU
		{26013F59-A951-4336-9DEE-983FF611937B}.Release|x86.Build.0 = Release|Any CPU
		{308534AE-6901-4683-BEDF-12204EC6AF4D}.Debug|Any CPU.ActiveCfg = Debug|Any CPU
		{308534AE-6901-4683-BEDF-12204EC6AF4D}.Debug|Any CPU.Build.0 = Debug|Any CPU
		{308534AE-6901-4683-BEDF-12204EC6AF4D}.Debug|x64.ActiveCfg = Debug|Any CPU
		{308534AE-6901-4683-BEDF-12204EC6AF4D}.Debug|x64.Build.0 = Debug|Any CPU
		{308534AE-6901-4683-BEDF-12204EC6AF4D}.Debug|x86.ActiveCfg = Debug|Any CPU
		{308534AE-6901-4683-BEDF-12204EC6AF4D}.Debug|x86.Build.0 = Debug|Any CPU
		{308534AE-6901-4683-BEDF-12204EC6AF4D}.Release|Any CPU.ActiveCfg = Release|Any CPU
		{308534AE-6901-4683-BEDF-12204EC6AF4D}.Release|Any CPU.Build.0 = Release|Any CPU
		{308534AE-6901-4683-BEDF-12204EC6AF4D}.Release|x64.ActiveCfg = Release|Any CPU
		{308534AE-6901-4683-BEDF-12204EC6AF4D}.Release|x64.Build.0 = Release|Any CPU
		{308534AE-6901-4683-BEDF-12204EC6AF4D}.Release|x86.ActiveCfg = Release|Any CPU
		{308534AE-6901-4683-BEDF-12204EC6AF4D}.Release|x86.Build.0 = Release|Any CPU
		{B1349502-150C-4817-B4CA-98D8551F28C8}.Debug|Any CPU.ActiveCfg = Debug|Any CPU
		{B1349502-150C-4817-B4CA-98D8551F28C8}.Debug|Any CPU.Build.0 = Debug|Any CPU
		{B1349502-150C-4817-B4CA-98D8551F28C8}.Debug|x64.ActiveCfg = Debug|Any CPU
		{B1349502-150C-4817-B4CA-98D8551F28C8}.Debug|x64.Build.0 = Debug|Any CPU
		{B1349502-150C-4817-B4CA-98D8551F28C8}.Debug|x86.ActiveCfg = Debug|Any CPU
		{B1349502-150C-4817-B4CA-98D8551F28C8}.Debug|x86.Build.0 = Debug|Any CPU
		{B1349502-150C-4817-B4CA-98D8551F28C8}.Release|Any CPU.ActiveCfg = Release|Any CPU
		{B1349502-150C-4817-B4CA-98D8551F28C8}.Release|Any CPU.Build.0 = Release|Any CPU
		{B1349502-150C-4817-B4CA-98D8551F28C8}.Release|x64.ActiveCfg = Release|Any CPU
		{B1349502-150C-4817-B4CA-98D8551F28C8}.Release|x64.Build.0 = Release|Any CPU
		{B1349502-150C-4817-B4CA-98D8551F28C8}.Release|x86.ActiveCfg = Release|Any CPU
		{B1349502-150C-4817-B4CA-98D8551F28C8}.Release|x86.Build.0 = Release|Any CPU
		{8E0D5407-C9CE-4C7B-9EE1-7858059E3FD7}.Debug|Any CPU.ActiveCfg = Debug|Any CPU
		{8E0D5407-C9CE-4C7B-9EE1-7858059E3FD7}.Debug|Any CPU.Build.0 = Debug|Any CPU
		{8E0D5407-C9CE-4C7B-9EE1-7858059E3FD7}.Debug|x64.ActiveCfg = Debug|Any CPU
		{8E0D5407-C9CE-4C7B-9EE1-7858059E3FD7}.Debug|x64.Build.0 = Debug|Any CPU
		{8E0D5407-C9CE-4C7B-9EE1-7858059E3FD7}.Debug|x86.ActiveCfg = Debug|Any CPU
		{8E0D5407-C9CE-4C7B-9EE1-7858059E3FD7}.Debug|x86.Build.0 = Debug|Any CPU
		{8E0D5407-C9CE-4C7B-9EE1-7858059E3FD7}.Release|Any CPU.ActiveCfg = Release|Any CPU
		{8E0D5407-C9CE-4C7B-9EE1-7858059E3FD7}.Release|Any CPU.Build.0 = Release|Any CPU
		{8E0D5407-C9CE-4C7B-9EE1-7858059E3FD7}.Release|x64.ActiveCfg = Release|Any CPU
		{8E0D5407-C9CE-4C7B-9EE1-7858059E3FD7}.Release|x64.Build.0 = Release|Any CPU
		{8E0D5407-C9CE-4C7B-9EE1-7858059E3FD7}.Release|x86.ActiveCfg = Release|Any CPU
		{8E0D5407-C9CE-4C7B-9EE1-7858059E3FD7}.Release|x86.Build.0 = Release|Any CPU
		{917F36B4-5C31-42D4-B75F-51145CB8C471}.Debug|Any CPU.ActiveCfg = Debug|Any CPU
		{917F36B4-5C31-42D4-B75F-51145CB8C471}.Debug|Any CPU.Build.0 = Debug|Any CPU
		{917F36B4-5C31-42D4-B75F-51145CB8C471}.Debug|x64.ActiveCfg = Debug|Any CPU
		{917F36B4-5C31-42D4-B75F-51145CB8C471}.Debug|x64.Build.0 = Debug|Any CPU
		{917F36B4-5C31-42D4-B75F-51145CB8C471}.Debug|x86.ActiveCfg = Debug|Any CPU
		{917F36B4-5C31-42D4-B75F-51145CB8C471}.Debug|x86.Build.0 = Debug|Any CPU
		{917F36B4-5C31-42D4-B75F-51145CB8C471}.Release|Any CPU.ActiveCfg = Release|Any CPU
		{917F36B4-5C31-42D4-B75F-51145CB8C471}.Release|Any CPU.Build.0 = Release|Any CPU
		{917F36B4-5C31-42D4-B75F-51145CB8C471}.Release|x64.ActiveCfg = Release|Any CPU
		{917F36B4-5C31-42D4-B75F-51145CB8C471}.Release|x64.Build.0 = Release|Any CPU
		{917F36B4-5C31-42D4-B75F-51145CB8C471}.Release|x86.ActiveCfg = Release|Any CPU
		{917F36B4-5C31-42D4-B75F-51145CB8C471}.Release|x86.Build.0 = Release|Any CPU
		{FD71FFDB-BB4F-414C-A5A4-4AA7E6188009}.Debug|Any CPU.ActiveCfg = Debug|Any CPU
		{FD71FFDB-BB4F-414C-A5A4-4AA7E6188009}.Debug|Any CPU.Build.0 = Debug|Any CPU
		{FD71FFDB-BB4F-414C-A5A4-4AA7E6188009}.Debug|x64.ActiveCfg = Debug|Any CPU
		{FD71FFDB-BB4F-414C-A5A4-4AA7E6188009}.Debug|x64.Build.0 = Debug|Any CPU
		{FD71FFDB-BB4F-414C-A5A4-4AA7E6188009}.Debug|x86.ActiveCfg = Debug|Any CPU
		{FD71FFDB-BB4F-414C-A5A4-4AA7E6188009}.Debug|x86.Build.0 = Debug|Any CPU
		{FD71FFDB-BB4F-414C-A5A4-4AA7E6188009}.Release|Any CPU.ActiveCfg = Release|Any CPU
		{FD71FFDB-BB4F-414C-A5A4-4AA7E6188009}.Release|Any CPU.Build.0 = Release|Any CPU
		{FD71FFDB-BB4F-414C-A5A4-4AA7E6188009}.Release|x64.ActiveCfg = Release|Any CPU
		{FD71FFDB-BB4F-414C-A5A4-4AA7E6188009}.Release|x64.Build.0 = Release|Any CPU
		{FD71FFDB-BB4F-414C-A5A4-4AA7E6188009}.Release|x86.ActiveCfg = Release|Any CPU
		{FD71FFDB-BB4F-414C-A5A4-4AA7E6188009}.Release|x86.Build.0 = Release|Any CPU
		{78EAFDAB-3949-4C63-9E31-EDB5C0AC788F}.Debug|Any CPU.ActiveCfg = Debug|Any CPU
		{78EAFDAB-3949-4C63-9E31-EDB5C0AC788F}.Debug|Any CPU.Build.0 = Debug|Any CPU
		{78EAFDAB-3949-4C63-9E31-EDB5C0AC788F}.Debug|x64.ActiveCfg = Debug|Any CPU
		{78EAFDAB-3949-4C63-9E31-EDB5C0AC788F}.Debug|x64.Build.0 = Debug|Any CPU
		{78EAFDAB-3949-4C63-9E31-EDB5C0AC788F}.Debug|x86.ActiveCfg = Debug|Any CPU
		{78EAFDAB-3949-4C63-9E31-EDB5C0AC788F}.Debug|x86.Build.0 = Debug|Any CPU
		{78EAFDAB-3949-4C63-9E31-EDB5C0AC788F}.Release|Any CPU.ActiveCfg = Release|Any CPU
		{78EAFDAB-3949-4C63-9E31-EDB5C0AC788F}.Release|Any CPU.Build.0 = Release|Any CPU
		{78EAFDAB-3949-4C63-9E31-EDB5C0AC788F}.Release|x64.ActiveCfg = Release|Any CPU
		{78EAFDAB-3949-4C63-9E31-EDB5C0AC788F}.Release|x64.Build.0 = Release|Any CPU
		{78EAFDAB-3949-4C63-9E31-EDB5C0AC788F}.Release|x86.ActiveCfg = Release|Any CPU
		{78EAFDAB-3949-4C63-9E31-EDB5C0AC788F}.Release|x86.Build.0 = Release|Any CPU
		{FB9F8832-04C2-47D9-9567-3EF90B4EF627}.Debug|Any CPU.ActiveCfg = Debug|Any CPU
		{FB9F8832-04C2-47D9-9567-3EF90B4EF627}.Debug|Any CPU.Build.0 = Debug|Any CPU
		{FB9F8832-04C2-47D9-9567-3EF90B4EF627}.Debug|x64.ActiveCfg = Debug|Any CPU
		{FB9F8832-04C2-47D9-9567-3EF90B4EF627}.Debug|x64.Build.0 = Debug|Any CPU
		{FB9F8832-04C2-47D9-9567-3EF90B4EF627}.Debug|x86.ActiveCfg = Debug|Any CPU
		{FB9F8832-04C2-47D9-9567-3EF90B4EF627}.Debug|x86.Build.0 = Debug|Any CPU
		{FB9F8832-04C2-47D9-9567-3EF90B4EF627}.Release|Any CPU.ActiveCfg = Release|Any CPU
		{FB9F8832-04C2-47D9-9567-3EF90B4EF627}.Release|Any CPU.Build.0 = Release|Any CPU
		{FB9F8832-04C2-47D9-9567-3EF90B4EF627}.Release|x64.ActiveCfg = Release|Any CPU
		{FB9F8832-04C2-47D9-9567-3EF90B4EF627}.Release|x64.Build.0 = Release|Any CPU
		{FB9F8832-04C2-47D9-9567-3EF90B4EF627}.Release|x86.ActiveCfg = Release|Any CPU
		{FB9F8832-04C2-47D9-9567-3EF90B4EF627}.Release|x86.Build.0 = Release|Any CPU
		{72D5216A-C18F-4F51-8616-7D11AA38898B}.Debug|Any CPU.ActiveCfg = Debug|Any CPU
		{72D5216A-C18F-4F51-8616-7D11AA38898B}.Debug|Any CPU.Build.0 = Debug|Any CPU
		{72D5216A-C18F-4F51-8616-7D11AA38898B}.Debug|x64.ActiveCfg = Debug|Any CPU
		{72D5216A-C18F-4F51-8616-7D11AA38898B}.Debug|x64.Build.0 = Debug|Any CPU
		{72D5216A-C18F-4F51-8616-7D11AA38898B}.Debug|x86.ActiveCfg = Debug|Any CPU
		{72D5216A-C18F-4F51-8616-7D11AA38898B}.Debug|x86.Build.0 = Debug|Any CPU
		{72D5216A-C18F-4F51-8616-7D11AA38898B}.Release|Any CPU.ActiveCfg = Release|Any CPU
		{72D5216A-C18F-4F51-8616-7D11AA38898B}.Release|Any CPU.Build.0 = Release|Any CPU
		{72D5216A-C18F-4F51-8616-7D11AA38898B}.Release|x64.ActiveCfg = Release|Any CPU
		{72D5216A-C18F-4F51-8616-7D11AA38898B}.Release|x64.Build.0 = Release|Any CPU
		{72D5216A-C18F-4F51-8616-7D11AA38898B}.Release|x86.ActiveCfg = Release|Any CPU
		{72D5216A-C18F-4F51-8616-7D11AA38898B}.Release|x86.Build.0 = Release|Any CPU
		{F98B1594-AA82-4567-9656-1F3640838313}.Debug|Any CPU.ActiveCfg = Debug|Any CPU
		{F98B1594-AA82-4567-9656-1F3640838313}.Debug|Any CPU.Build.0 = Debug|Any CPU
		{F98B1594-AA82-4567-9656-1F3640838313}.Debug|x64.ActiveCfg = Debug|Any CPU
		{F98B1594-AA82-4567-9656-1F3640838313}.Debug|x64.Build.0 = Debug|Any CPU
		{F98B1594-AA82-4567-9656-1F3640838313}.Debug|x86.ActiveCfg = Debug|Any CPU
		{F98B1594-AA82-4567-9656-1F3640838313}.Debug|x86.Build.0 = Debug|Any CPU
		{F98B1594-AA82-4567-9656-1F3640838313}.Release|Any CPU.ActiveCfg = Release|Any CPU
		{F98B1594-AA82-4567-9656-1F3640838313}.Release|Any CPU.Build.0 = Release|Any CPU
		{F98B1594-AA82-4567-9656-1F3640838313}.Release|x64.ActiveCfg = Release|Any CPU
		{F98B1594-AA82-4567-9656-1F3640838313}.Release|x64.Build.0 = Release|Any CPU
		{F98B1594-AA82-4567-9656-1F3640838313}.Release|x86.ActiveCfg = Release|Any CPU
		{F98B1594-AA82-4567-9656-1F3640838313}.Release|x86.Build.0 = Release|Any CPU
		{87A2ED1A-57AF-4DEF-AA8C-A623C9E305A7}.Debug|Any CPU.ActiveCfg = Debug|Any CPU
		{87A2ED1A-57AF-4DEF-AA8C-A623C9E305A7}.Debug|Any CPU.Build.0 = Debug|Any CPU
		{87A2ED1A-57AF-4DEF-AA8C-A623C9E305A7}.Debug|x64.ActiveCfg = Debug|Any CPU
		{87A2ED1A-57AF-4DEF-AA8C-A623C9E305A7}.Debug|x64.Build.0 = Debug|Any CPU
		{87A2ED1A-57AF-4DEF-AA8C-A623C9E305A7}.Debug|x86.ActiveCfg = Debug|Any CPU
		{87A2ED1A-57AF-4DEF-AA8C-A623C9E305A7}.Debug|x86.Build.0 = Debug|Any CPU
		{87A2ED1A-57AF-4DEF-AA8C-A623C9E305A7}.Release|Any CPU.ActiveCfg = Release|Any CPU
		{87A2ED1A-57AF-4DEF-AA8C-A623C9E305A7}.Release|Any CPU.Build.0 = Release|Any CPU
		{87A2ED1A-57AF-4DEF-AA8C-A623C9E305A7}.Release|x64.ActiveCfg = Release|Any CPU
		{87A2ED1A-57AF-4DEF-AA8C-A623C9E305A7}.Release|x64.Build.0 = Release|Any CPU
		{87A2ED1A-57AF-4DEF-AA8C-A623C9E305A7}.Release|x86.ActiveCfg = Release|Any CPU
		{87A2ED1A-57AF-4DEF-AA8C-A623C9E305A7}.Release|x86.Build.0 = Release|Any CPU
		{B3CCF74E-8CC1-4CBF-B348-95BD73AD121A}.Debug|Any CPU.ActiveCfg = Debug|Any CPU
		{B3CCF74E-8CC1-4CBF-B348-95BD73AD121A}.Debug|Any CPU.Build.0 = Debug|Any CPU
		{B3CCF74E-8CC1-4CBF-B348-95BD73AD121A}.Debug|x64.ActiveCfg = Debug|Any CPU
		{B3CCF74E-8CC1-4CBF-B348-95BD73AD121A}.Debug|x64.Build.0 = Debug|Any CPU
		{B3CCF74E-8CC1-4CBF-B348-95BD73AD121A}.Debug|x86.ActiveCfg = Debug|Any CPU
		{B3CCF74E-8CC1-4CBF-B348-95BD73AD121A}.Debug|x86.Build.0 = Debug|Any CPU
		{B3CCF74E-8CC1-4CBF-B348-95BD73AD121A}.Release|Any CPU.ActiveCfg = Release|Any CPU
		{B3CCF74E-8CC1-4CBF-B348-95BD73AD121A}.Release|Any CPU.Build.0 = Release|Any CPU
		{B3CCF74E-8CC1-4CBF-B348-95BD73AD121A}.Release|x64.ActiveCfg = Release|Any CPU
		{B3CCF74E-8CC1-4CBF-B348-95BD73AD121A}.Release|x64.Build.0 = Release|Any CPU
		{B3CCF74E-8CC1-4CBF-B348-95BD73AD121A}.Release|x86.ActiveCfg = Release|Any CPU
		{B3CCF74E-8CC1-4CBF-B348-95BD73AD121A}.Release|x86.Build.0 = Release|Any CPU
		{41C8F9D4-39CD-4B6A-9539-01A79693FC4B}.Debug|Any CPU.ActiveCfg = Debug|Any CPU
		{41C8F9D4-39CD-4B6A-9539-01A79693FC4B}.Debug|Any CPU.Build.0 = Debug|Any CPU
		{41C8F9D4-39CD-4B6A-9539-01A79693FC4B}.Debug|x64.ActiveCfg = Debug|Any CPU
		{41C8F9D4-39CD-4B6A-9539-01A79693FC4B}.Debug|x64.Build.0 = Debug|Any CPU
		{41C8F9D4-39CD-4B6A-9539-01A79693FC4B}.Debug|x86.ActiveCfg = Debug|Any CPU
		{41C8F9D4-39CD-4B6A-9539-01A79693FC4B}.Debug|x86.Build.0 = Debug|Any CPU
		{41C8F9D4-39CD-4B6A-9539-01A79693FC4B}.Release|Any CPU.ActiveCfg = Release|Any CPU
		{41C8F9D4-39CD-4B6A-9539-01A79693FC4B}.Release|Any CPU.Build.0 = Release|Any CPU
		{41C8F9D4-39CD-4B6A-9539-01A79693FC4B}.Release|x64.ActiveCfg = Release|Any CPU
		{41C8F9D4-39CD-4B6A-9539-01A79693FC4B}.Release|x64.Build.0 = Release|Any CPU
		{41C8F9D4-39CD-4B6A-9539-01A79693FC4B}.Release|x86.ActiveCfg = Release|Any CPU
		{41C8F9D4-39CD-4B6A-9539-01A79693FC4B}.Release|x86.Build.0 = Release|Any CPU
		{6F00CEA7-9223-446C-9E1A-B780D1C24871}.Debug|Any CPU.ActiveCfg = Debug|Any CPU
		{6F00CEA7-9223-446C-9E1A-B780D1C24871}.Debug|Any CPU.Build.0 = Debug|Any CPU
		{6F00CEA7-9223-446C-9E1A-B780D1C24871}.Debug|x64.ActiveCfg = Debug|Any CPU
		{6F00CEA7-9223-446C-9E1A-B780D1C24871}.Debug|x64.Build.0 = Debug|Any CPU
		{6F00CEA7-9223-446C-9E1A-B780D1C24871}.Debug|x86.ActiveCfg = Debug|Any CPU
		{6F00CEA7-9223-446C-9E1A-B780D1C24871}.Debug|x86.Build.0 = Debug|Any CPU
		{6F00CEA7-9223-446C-9E1A-B780D1C24871}.Release|Any CPU.ActiveCfg = Release|Any CPU
		{6F00CEA7-9223-446C-9E1A-B780D1C24871}.Release|Any CPU.Build.0 = Release|Any CPU
		{6F00CEA7-9223-446C-9E1A-B780D1C24871}.Release|x64.ActiveCfg = Release|Any CPU
		{6F00CEA7-9223-446C-9E1A-B780D1C24871}.Release|x64.Build.0 = Release|Any CPU
		{6F00CEA7-9223-446C-9E1A-B780D1C24871}.Release|x86.ActiveCfg = Release|Any CPU
		{6F00CEA7-9223-446C-9E1A-B780D1C24871}.Release|x86.Build.0 = Release|Any CPU
		{43C02420-BDBA-40EE-ACEB-43DD9EEFD3C4}.Debug|Any CPU.ActiveCfg = Debug|Any CPU
		{43C02420-BDBA-40EE-ACEB-43DD9EEFD3C4}.Debug|Any CPU.Build.0 = Debug|Any CPU
		{43C02420-BDBA-40EE-ACEB-43DD9EEFD3C4}.Debug|x64.ActiveCfg = Debug|Any CPU
		{43C02420-BDBA-40EE-ACEB-43DD9EEFD3C4}.Debug|x64.Build.0 = Debug|Any CPU
		{43C02420-BDBA-40EE-ACEB-43DD9EEFD3C4}.Debug|x86.ActiveCfg = Debug|Any CPU
		{43C02420-BDBA-40EE-ACEB-43DD9EEFD3C4}.Debug|x86.Build.0 = Debug|Any CPU
		{43C02420-BDBA-40EE-ACEB-43DD9EEFD3C4}.Release|Any CPU.ActiveCfg = Release|Any CPU
		{43C02420-BDBA-40EE-ACEB-43DD9EEFD3C4}.Release|Any CPU.Build.0 = Release|Any CPU
		{43C02420-BDBA-40EE-ACEB-43DD9EEFD3C4}.Release|x64.ActiveCfg = Release|Any CPU
		{43C02420-BDBA-40EE-ACEB-43DD9EEFD3C4}.Release|x64.Build.0 = Release|Any CPU
		{43C02420-BDBA-40EE-ACEB-43DD9EEFD3C4}.Release|x86.ActiveCfg = Release|Any CPU
		{43C02420-BDBA-40EE-ACEB-43DD9EEFD3C4}.Release|x86.Build.0 = Release|Any CPU
		{F604DBF4-824F-4764-B5B8-8D4899791EA2}.Debug|Any CPU.ActiveCfg = Debug|Any CPU
		{F604DBF4-824F-4764-B5B8-8D4899791EA2}.Debug|Any CPU.Build.0 = Debug|Any CPU
		{F604DBF4-824F-4764-B5B8-8D4899791EA2}.Debug|x64.ActiveCfg = Debug|Any CPU
		{F604DBF4-824F-4764-B5B8-8D4899791EA2}.Debug|x64.Build.0 = Debug|Any CPU
		{F604DBF4-824F-4764-B5B8-8D4899791EA2}.Debug|x86.ActiveCfg = Debug|Any CPU
		{F604DBF4-824F-4764-B5B8-8D4899791EA2}.Debug|x86.Build.0 = Debug|Any CPU
		{F604DBF4-824F-4764-B5B8-8D4899791EA2}.Release|Any CPU.ActiveCfg = Release|Any CPU
		{F604DBF4-824F-4764-B5B8-8D4899791EA2}.Release|Any CPU.Build.0 = Release|Any CPU
		{F604DBF4-824F-4764-B5B8-8D4899791EA2}.Release|x64.ActiveCfg = Release|Any CPU
		{F604DBF4-824F-4764-B5B8-8D4899791EA2}.Release|x64.Build.0 = Release|Any CPU
		{F604DBF4-824F-4764-B5B8-8D4899791EA2}.Release|x86.ActiveCfg = Release|Any CPU
		{F604DBF4-824F-4764-B5B8-8D4899791EA2}.Release|x86.Build.0 = Release|Any CPU
		{EF49AA24-6797-4E9D-B73D-13FCE628A959}.Debug|Any CPU.ActiveCfg = Debug|Any CPU
		{EF49AA24-6797-4E9D-B73D-13FCE628A959}.Debug|Any CPU.Build.0 = Debug|Any CPU
		{EF49AA24-6797-4E9D-B73D-13FCE628A959}.Debug|x64.ActiveCfg = Debug|Any CPU
		{EF49AA24-6797-4E9D-B73D-13FCE628A959}.Debug|x64.Build.0 = Debug|Any CPU
		{EF49AA24-6797-4E9D-B73D-13FCE628A959}.Debug|x86.ActiveCfg = Debug|Any CPU
		{EF49AA24-6797-4E9D-B73D-13FCE628A959}.Debug|x86.Build.0 = Debug|Any CPU
		{EF49AA24-6797-4E9D-B73D-13FCE628A959}.Release|Any CPU.ActiveCfg = Release|Any CPU
		{EF49AA24-6797-4E9D-B73D-13FCE628A959}.Release|Any CPU.Build.0 = Release|Any CPU
		{EF49AA24-6797-4E9D-B73D-13FCE628A959}.Release|x64.ActiveCfg = Release|Any CPU
		{EF49AA24-6797-4E9D-B73D-13FCE628A959}.Release|x64.Build.0 = Release|Any CPU
		{EF49AA24-6797-4E9D-B73D-13FCE628A959}.Release|x86.ActiveCfg = Release|Any CPU
		{EF49AA24-6797-4E9D-B73D-13FCE628A959}.Release|x86.Build.0 = Release|Any CPU
		{14E307E4-1387-401D-A486-0EE9F2AB0A27}.Debug|Any CPU.ActiveCfg = Debug|Any CPU
		{14E307E4-1387-401D-A486-0EE9F2AB0A27}.Debug|Any CPU.Build.0 = Debug|Any CPU
		{14E307E4-1387-401D-A486-0EE9F2AB0A27}.Debug|x64.ActiveCfg = Debug|Any CPU
		{14E307E4-1387-401D-A486-0EE9F2AB0A27}.Debug|x64.Build.0 = Debug|Any CPU
		{14E307E4-1387-401D-A486-0EE9F2AB0A27}.Debug|x86.ActiveCfg = Debug|Any CPU
		{14E307E4-1387-401D-A486-0EE9F2AB0A27}.Debug|x86.Build.0 = Debug|Any CPU
		{14E307E4-1387-401D-A486-0EE9F2AB0A27}.Release|Any CPU.ActiveCfg = Release|Any CPU
		{14E307E4-1387-401D-A486-0EE9F2AB0A27}.Release|Any CPU.Build.0 = Release|Any CPU
		{14E307E4-1387-401D-A486-0EE9F2AB0A27}.Release|x64.ActiveCfg = Release|Any CPU
		{14E307E4-1387-401D-A486-0EE9F2AB0A27}.Release|x64.Build.0 = Release|Any CPU
		{14E307E4-1387-401D-A486-0EE9F2AB0A27}.Release|x86.ActiveCfg = Release|Any CPU
		{14E307E4-1387-401D-A486-0EE9F2AB0A27}.Release|x86.Build.0 = Release|Any CPU
		{3F9EFD65-EDCD-4DBA-AF9B-B2246B313C03}.Debug|Any CPU.ActiveCfg = Debug|Any CPU
		{3F9EFD65-EDCD-4DBA-AF9B-B2246B313C03}.Debug|Any CPU.Build.0 = Debug|Any CPU
		{3F9EFD65-EDCD-4DBA-AF9B-B2246B313C03}.Debug|x64.ActiveCfg = Debug|Any CPU
		{3F9EFD65-EDCD-4DBA-AF9B-B2246B313C03}.Debug|x64.Build.0 = Debug|Any CPU
		{3F9EFD65-EDCD-4DBA-AF9B-B2246B313C03}.Debug|x86.ActiveCfg = Debug|Any CPU
		{3F9EFD65-EDCD-4DBA-AF9B-B2246B313C03}.Debug|x86.Build.0 = Debug|Any CPU
		{3F9EFD65-EDCD-4DBA-AF9B-B2246B313C03}.Release|Any CPU.ActiveCfg = Release|Any CPU
		{3F9EFD65-EDCD-4DBA-AF9B-B2246B313C03}.Release|Any CPU.Build.0 = Release|Any CPU
		{3F9EFD65-EDCD-4DBA-AF9B-B2246B313C03}.Release|x64.ActiveCfg = Release|Any CPU
		{3F9EFD65-EDCD-4DBA-AF9B-B2246B313C03}.Release|x64.Build.0 = Release|Any CPU
		{3F9EFD65-EDCD-4DBA-AF9B-B2246B313C03}.Release|x86.ActiveCfg = Release|Any CPU
		{3F9EFD65-EDCD-4DBA-AF9B-B2246B313C03}.Release|x86.Build.0 = Release|Any CPU
		{78F58E04-7F68-4851-AE88-AC3D7821073B}.Debug|Any CPU.ActiveCfg = Debug|Any CPU
		{78F58E04-7F68-4851-AE88-AC3D7821073B}.Debug|Any CPU.Build.0 = Debug|Any CPU
		{78F58E04-7F68-4851-AE88-AC3D7821073B}.Debug|x64.ActiveCfg = Debug|Any CPU
		{78F58E04-7F68-4851-AE88-AC3D7821073B}.Debug|x64.Build.0 = Debug|Any CPU
		{78F58E04-7F68-4851-AE88-AC3D7821073B}.Debug|x86.ActiveCfg = Debug|Any CPU
		{78F58E04-7F68-4851-AE88-AC3D7821073B}.Debug|x86.Build.0 = Debug|Any CPU
		{78F58E04-7F68-4851-AE88-AC3D7821073B}.Release|Any CPU.ActiveCfg = Release|Any CPU
		{78F58E04-7F68-4851-AE88-AC3D7821073B}.Release|Any CPU.Build.0 = Release|Any CPU
		{78F58E04-7F68-4851-AE88-AC3D7821073B}.Release|x64.ActiveCfg = Release|Any CPU
		{78F58E04-7F68-4851-AE88-AC3D7821073B}.Release|x64.Build.0 = Release|Any CPU
		{78F58E04-7F68-4851-AE88-AC3D7821073B}.Release|x86.ActiveCfg = Release|Any CPU
		{78F58E04-7F68-4851-AE88-AC3D7821073B}.Release|x86.Build.0 = Release|Any CPU
		{D2F5B007-AFDB-4BD8-B285-F4953C7D7C9D}.Debug|Any CPU.ActiveCfg = Debug|Any CPU
		{D2F5B007-AFDB-4BD8-B285-F4953C7D7C9D}.Debug|Any CPU.Build.0 = Debug|Any CPU
		{D2F5B007-AFDB-4BD8-B285-F4953C7D7C9D}.Debug|x64.ActiveCfg = Debug|Any CPU
		{D2F5B007-AFDB-4BD8-B285-F4953C7D7C9D}.Debug|x64.Build.0 = Debug|Any CPU
		{D2F5B007-AFDB-4BD8-B285-F4953C7D7C9D}.Debug|x86.ActiveCfg = Debug|Any CPU
		{D2F5B007-AFDB-4BD8-B285-F4953C7D7C9D}.Debug|x86.Build.0 = Debug|Any CPU
		{D2F5B007-AFDB-4BD8-B285-F4953C7D7C9D}.Release|Any CPU.ActiveCfg = Release|Any CPU
		{D2F5B007-AFDB-4BD8-B285-F4953C7D7C9D}.Release|Any CPU.Build.0 = Release|Any CPU
		{D2F5B007-AFDB-4BD8-B285-F4953C7D7C9D}.Release|x64.ActiveCfg = Release|Any CPU
		{D2F5B007-AFDB-4BD8-B285-F4953C7D7C9D}.Release|x64.Build.0 = Release|Any CPU
		{D2F5B007-AFDB-4BD8-B285-F4953C7D7C9D}.Release|x86.ActiveCfg = Release|Any CPU
		{D2F5B007-AFDB-4BD8-B285-F4953C7D7C9D}.Release|x86.Build.0 = Release|Any CPU
		{C3D902BD-E2B3-4095-8B10-1786167782AB}.Debug|Any CPU.ActiveCfg = Debug|Any CPU
		{C3D902BD-E2B3-4095-8B10-1786167782AB}.Debug|Any CPU.Build.0 = Debug|Any CPU
		{C3D902BD-E2B3-4095-8B10-1786167782AB}.Debug|x64.ActiveCfg = Debug|Any CPU
		{C3D902BD-E2B3-4095-8B10-1786167782AB}.Debug|x64.Build.0 = Debug|Any CPU
		{C3D902BD-E2B3-4095-8B10-1786167782AB}.Debug|x86.ActiveCfg = Debug|Any CPU
		{C3D902BD-E2B3-4095-8B10-1786167782AB}.Debug|x86.Build.0 = Debug|Any CPU
		{C3D902BD-E2B3-4095-8B10-1786167782AB}.Release|Any CPU.ActiveCfg = Release|Any CPU
		{C3D902BD-E2B3-4095-8B10-1786167782AB}.Release|Any CPU.Build.0 = Release|Any CPU
		{C3D902BD-E2B3-4095-8B10-1786167782AB}.Release|x64.ActiveCfg = Release|Any CPU
		{C3D902BD-E2B3-4095-8B10-1786167782AB}.Release|x64.Build.0 = Release|Any CPU
		{C3D902BD-E2B3-4095-8B10-1786167782AB}.Release|x86.ActiveCfg = Release|Any CPU
		{C3D902BD-E2B3-4095-8B10-1786167782AB}.Release|x86.Build.0 = Release|Any CPU
		{CBAE9428-ADF3-4898-A4BF-931E2B6632C1}.Debug|Any CPU.ActiveCfg = Debug|Any CPU
		{CBAE9428-ADF3-4898-A4BF-931E2B6632C1}.Debug|Any CPU.Build.0 = Debug|Any CPU
		{CBAE9428-ADF3-4898-A4BF-931E2B6632C1}.Debug|x64.ActiveCfg = Debug|Any CPU
		{CBAE9428-ADF3-4898-A4BF-931E2B6632C1}.Debug|x64.Build.0 = Debug|Any CPU
		{CBAE9428-ADF3-4898-A4BF-931E2B6632C1}.Debug|x86.ActiveCfg = Debug|Any CPU
		{CBAE9428-ADF3-4898-A4BF-931E2B6632C1}.Debug|x86.Build.0 = Debug|Any CPU
		{CBAE9428-ADF3-4898-A4BF-931E2B6632C1}.Release|Any CPU.ActiveCfg = Release|Any CPU
		{CBAE9428-ADF3-4898-A4BF-931E2B6632C1}.Release|Any CPU.Build.0 = Release|Any CPU
		{CBAE9428-ADF3-4898-A4BF-931E2B6632C1}.Release|x64.ActiveCfg = Release|Any CPU
		{CBAE9428-ADF3-4898-A4BF-931E2B6632C1}.Release|x64.Build.0 = Release|Any CPU
		{CBAE9428-ADF3-4898-A4BF-931E2B6632C1}.Release|x86.ActiveCfg = Release|Any CPU
		{CBAE9428-ADF3-4898-A4BF-931E2B6632C1}.Release|x86.Build.0 = Release|Any CPU
		{5F5E3ABB-AB8A-4054-BF73-2D240C34EF64}.Debug|Any CPU.ActiveCfg = Debug|Any CPU
		{5F5E3ABB-AB8A-4054-BF73-2D240C34EF64}.Debug|Any CPU.Build.0 = Debug|Any CPU
		{5F5E3ABB-AB8A-4054-BF73-2D240C34EF64}.Debug|x64.ActiveCfg = Debug|Any CPU
		{5F5E3ABB-AB8A-4054-BF73-2D240C34EF64}.Debug|x64.Build.0 = Debug|Any CPU
		{5F5E3ABB-AB8A-4054-BF73-2D240C34EF64}.Debug|x86.ActiveCfg = Debug|Any CPU
		{5F5E3ABB-AB8A-4054-BF73-2D240C34EF64}.Debug|x86.Build.0 = Debug|Any CPU
		{5F5E3ABB-AB8A-4054-BF73-2D240C34EF64}.Release|Any CPU.ActiveCfg = Release|Any CPU
		{5F5E3ABB-AB8A-4054-BF73-2D240C34EF64}.Release|Any CPU.Build.0 = Release|Any CPU
		{5F5E3ABB-AB8A-4054-BF73-2D240C34EF64}.Release|x64.ActiveCfg = Release|Any CPU
		{5F5E3ABB-AB8A-4054-BF73-2D240C34EF64}.Release|x64.Build.0 = Release|Any CPU
		{5F5E3ABB-AB8A-4054-BF73-2D240C34EF64}.Release|x86.ActiveCfg = Release|Any CPU
		{5F5E3ABB-AB8A-4054-BF73-2D240C34EF64}.Release|x86.Build.0 = Release|Any CPU
		{74E1AEF7-E76C-4D3F-898A-893FDF6C8C6A}.Debug|Any CPU.ActiveCfg = Debug|Any CPU
		{74E1AEF7-E76C-4D3F-898A-893FDF6C8C6A}.Debug|Any CPU.Build.0 = Debug|Any CPU
		{74E1AEF7-E76C-4D3F-898A-893FDF6C8C6A}.Debug|x64.ActiveCfg = Debug|Any CPU
		{74E1AEF7-E76C-4D3F-898A-893FDF6C8C6A}.Debug|x64.Build.0 = Debug|Any CPU
		{74E1AEF7-E76C-4D3F-898A-893FDF6C8C6A}.Debug|x86.ActiveCfg = Debug|Any CPU
		{74E1AEF7-E76C-4D3F-898A-893FDF6C8C6A}.Debug|x86.Build.0 = Debug|Any CPU
		{74E1AEF7-E76C-4D3F-898A-893FDF6C8C6A}.Release|Any CPU.ActiveCfg = Release|Any CPU
		{74E1AEF7-E76C-4D3F-898A-893FDF6C8C6A}.Release|Any CPU.Build.0 = Release|Any CPU
		{74E1AEF7-E76C-4D3F-898A-893FDF6C8C6A}.Release|x64.ActiveCfg = Release|Any CPU
		{74E1AEF7-E76C-4D3F-898A-893FDF6C8C6A}.Release|x64.Build.0 = Release|Any CPU
		{74E1AEF7-E76C-4D3F-898A-893FDF6C8C6A}.Release|x86.ActiveCfg = Release|Any CPU
		{74E1AEF7-E76C-4D3F-898A-893FDF6C8C6A}.Release|x86.Build.0 = Release|Any CPU
		{9245920F-AEBA-4EC0-A853-1A60517F5667}.Debug|Any CPU.ActiveCfg = Debug|Any CPU
		{9245920F-AEBA-4EC0-A853-1A60517F5667}.Debug|Any CPU.Build.0 = Debug|Any CPU
		{9245920F-AEBA-4EC0-A853-1A60517F5667}.Debug|x64.ActiveCfg = Debug|Any CPU
		{9245920F-AEBA-4EC0-A853-1A60517F5667}.Debug|x64.Build.0 = Debug|Any CPU
		{9245920F-AEBA-4EC0-A853-1A60517F5667}.Debug|x86.ActiveCfg = Debug|Any CPU
		{9245920F-AEBA-4EC0-A853-1A60517F5667}.Debug|x86.Build.0 = Debug|Any CPU
		{9245920F-AEBA-4EC0-A853-1A60517F5667}.Release|Any CPU.ActiveCfg = Release|Any CPU
		{9245920F-AEBA-4EC0-A853-1A60517F5667}.Release|Any CPU.Build.0 = Release|Any CPU
		{9245920F-AEBA-4EC0-A853-1A60517F5667}.Release|x64.ActiveCfg = Release|Any CPU
		{9245920F-AEBA-4EC0-A853-1A60517F5667}.Release|x64.Build.0 = Release|Any CPU
		{9245920F-AEBA-4EC0-A853-1A60517F5667}.Release|x86.ActiveCfg = Release|Any CPU
		{9245920F-AEBA-4EC0-A853-1A60517F5667}.Release|x86.Build.0 = Release|Any CPU
		{F5DF5CC8-D3A7-4E00-85C3-92419F3F2ACB}.Debug|Any CPU.ActiveCfg = Debug|Any CPU
		{F5DF5CC8-D3A7-4E00-85C3-92419F3F2ACB}.Debug|Any CPU.Build.0 = Debug|Any CPU
		{F5DF5CC8-D3A7-4E00-85C3-92419F3F2ACB}.Debug|x64.ActiveCfg = Debug|Any CPU
		{F5DF5CC8-D3A7-4E00-85C3-92419F3F2ACB}.Debug|x64.Build.0 = Debug|Any CPU
		{F5DF5CC8-D3A7-4E00-85C3-92419F3F2ACB}.Debug|x86.ActiveCfg = Debug|Any CPU
		{F5DF5CC8-D3A7-4E00-85C3-92419F3F2ACB}.Debug|x86.Build.0 = Debug|Any CPU
		{F5DF5CC8-D3A7-4E00-85C3-92419F3F2ACB}.Release|Any CPU.ActiveCfg = Release|Any CPU
		{F5DF5CC8-D3A7-4E00-85C3-92419F3F2ACB}.Release|Any CPU.Build.0 = Release|Any CPU
		{F5DF5CC8-D3A7-4E00-85C3-92419F3F2ACB}.Release|x64.ActiveCfg = Release|Any CPU
		{F5DF5CC8-D3A7-4E00-85C3-92419F3F2ACB}.Release|x64.Build.0 = Release|Any CPU
		{F5DF5CC8-D3A7-4E00-85C3-92419F3F2ACB}.Release|x86.ActiveCfg = Release|Any CPU
		{F5DF5CC8-D3A7-4E00-85C3-92419F3F2ACB}.Release|x86.Build.0 = Release|Any CPU
		{FC4C63EB-CB64-46D8-8B6A-68B823006D47}.Debug|Any CPU.ActiveCfg = Debug|Any CPU
		{FC4C63EB-CB64-46D8-8B6A-68B823006D47}.Debug|Any CPU.Build.0 = Debug|Any CPU
		{FC4C63EB-CB64-46D8-8B6A-68B823006D47}.Debug|x64.ActiveCfg = Debug|Any CPU
		{FC4C63EB-CB64-46D8-8B6A-68B823006D47}.Debug|x64.Build.0 = Debug|Any CPU
		{FC4C63EB-CB64-46D8-8B6A-68B823006D47}.Debug|x86.ActiveCfg = Debug|Any CPU
		{FC4C63EB-CB64-46D8-8B6A-68B823006D47}.Debug|x86.Build.0 = Debug|Any CPU
		{FC4C63EB-CB64-46D8-8B6A-68B823006D47}.Release|Any CPU.ActiveCfg = Release|Any CPU
		{FC4C63EB-CB64-46D8-8B6A-68B823006D47}.Release|Any CPU.Build.0 = Release|Any CPU
		{FC4C63EB-CB64-46D8-8B6A-68B823006D47}.Release|x64.ActiveCfg = Release|Any CPU
		{FC4C63EB-CB64-46D8-8B6A-68B823006D47}.Release|x64.Build.0 = Release|Any CPU
		{FC4C63EB-CB64-46D8-8B6A-68B823006D47}.Release|x86.ActiveCfg = Release|Any CPU
		{FC4C63EB-CB64-46D8-8B6A-68B823006D47}.Release|x86.Build.0 = Release|Any CPU
		{FB067E36-AFF8-4A58-98C3-CFFCAB76FEB5}.Debug|Any CPU.ActiveCfg = Debug|Any CPU
		{FB067E36-AFF8-4A58-98C3-CFFCAB76FEB5}.Debug|Any CPU.Build.0 = Debug|Any CPU
		{FB067E36-AFF8-4A58-98C3-CFFCAB76FEB5}.Debug|x64.ActiveCfg = Debug|Any CPU
		{FB067E36-AFF8-4A58-98C3-CFFCAB76FEB5}.Debug|x64.Build.0 = Debug|Any CPU
		{FB067E36-AFF8-4A58-98C3-CFFCAB76FEB5}.Debug|x86.ActiveCfg = Debug|Any CPU
		{FB067E36-AFF8-4A58-98C3-CFFCAB76FEB5}.Debug|x86.Build.0 = Debug|Any CPU
		{FB067E36-AFF8-4A58-98C3-CFFCAB76FEB5}.Release|Any CPU.ActiveCfg = Release|Any CPU
		{FB067E36-AFF8-4A58-98C3-CFFCAB76FEB5}.Release|Any CPU.Build.0 = Release|Any CPU
		{FB067E36-AFF8-4A58-98C3-CFFCAB76FEB5}.Release|x64.ActiveCfg = Release|Any CPU
		{FB067E36-AFF8-4A58-98C3-CFFCAB76FEB5}.Release|x64.Build.0 = Release|Any CPU
		{FB067E36-AFF8-4A58-98C3-CFFCAB76FEB5}.Release|x86.ActiveCfg = Release|Any CPU
		{FB067E36-AFF8-4A58-98C3-CFFCAB76FEB5}.Release|x86.Build.0 = Release|Any CPU
	EndGlobalSection
	GlobalSection(SolutionProperties) = preSolution
		HideSolutionNode = FALSE
	EndGlobalSection
	GlobalSection(NestedProjects) = preSolution
		{E3465247-34B1-476E-B12A-D751DC4FCDB4} = {BE8C681B-6D55-4EC4-9878-D7556DE40F24}
		{2AE17A7B-FB4D-4717-93A6-908CF5E60EB9} = {E3465247-34B1-476E-B12A-D751DC4FCDB4}
		{86993EA8-AA75-47D5-B3C8-885A1BE9CB90} = {E3465247-34B1-476E-B12A-D751DC4FCDB4}
		{D87A4413-6D12-49A6-BF13-E24702AC4C25} = {E3465247-34B1-476E-B12A-D751DC4FCDB4}
		{23E247D6-DC3C-4F8D-9580-7B3558B33DF7} = {E3465247-34B1-476E-B12A-D751DC4FCDB4}
		{B93598C7-F8F7-4838-A747-CC4B5944C17C} = {BE8C681B-6D55-4EC4-9878-D7556DE40F24}
		{B383860E-ADCE-4F27-BC11-8B58AA316489} = {B93598C7-F8F7-4838-A747-CC4B5944C17C}
		{1ACC9C59-EB57-4BD0-9079-9C75F9AD98F6} = {B93598C7-F8F7-4838-A747-CC4B5944C17C}
		{E04AEAF4-E2DC-4C68-9DE2-E2B3FA54302A} = {B93598C7-F8F7-4838-A747-CC4B5944C17C}
		{B58D8DED-6250-42A4-B93D-E74B5F017B4D} = {B93598C7-F8F7-4838-A747-CC4B5944C17C}
		{C281DF93-123B-4E90-931B-16D4AF441EC9} = {BE8C681B-6D55-4EC4-9878-D7556DE40F24}
		{EDB683C0-FB87-446D-AA5F-783DF280EE01} = {C281DF93-123B-4E90-931B-16D4AF441EC9}
		{FC8E6380-0CA2-401B-B89A-608C6DC35705} = {C281DF93-123B-4E90-931B-16D4AF441EC9}
		{EC8AEE26-3803-4A22-9FAB-6E420F3243B8} = {C281DF93-123B-4E90-931B-16D4AF441EC9}
		{0F6E64FA-5312-4691-89C1-50E15C163EF1} = {C281DF93-123B-4E90-931B-16D4AF441EC9}
		{AF71B31E-FFFB-4D94-97A6-47A834F534E5} = {BE8C681B-6D55-4EC4-9878-D7556DE40F24}
		{D2E030D8-E49C-484D-97E3-9C7CADCBEB0C} = {AF71B31E-FFFB-4D94-97A6-47A834F534E5}
		{A5F76906-5442-4863-B3E3-2C39E0552916} = {AF71B31E-FFFB-4D94-97A6-47A834F534E5}
		{C8D775AB-4061-41D5-A7DC-3C8F3E5E4FE9} = {AF71B31E-FFFB-4D94-97A6-47A834F534E5}
		{A7F68FF8-506F-46E9-9933-8098DF20BC55} = {AF71B31E-FFFB-4D94-97A6-47A834F534E5}
		{90C1317E-546F-4CF5-850B-D7A605B95F08} = {BE8C681B-6D55-4EC4-9878-D7556DE40F24}
		{26013F59-A951-4336-9DEE-983FF611937B} = {90C1317E-546F-4CF5-850B-D7A605B95F08}
		{308534AE-6901-4683-BEDF-12204EC6AF4D} = {90C1317E-546F-4CF5-850B-D7A605B95F08}
		{B1349502-150C-4817-B4CA-98D8551F28C8} = {90C1317E-546F-4CF5-850B-D7A605B95F08}
		{0A80E43F-E4D5-46F9-82FB-7B99F2D3E4CF} = {BE8C681B-6D55-4EC4-9878-D7556DE40F24}
		{8E0D5407-C9CE-4C7B-9EE1-7858059E3FD7} = {0A80E43F-E4D5-46F9-82FB-7B99F2D3E4CF}
		{917F36B4-5C31-42D4-B75F-51145CB8C471} = {90C1317E-546F-4CF5-850B-D7A605B95F08}
		{920731F8-74A2-4A23-8D48-F0E9E92B78C5} = {BE8C681B-6D55-4EC4-9878-D7556DE40F24}
		{FD71FFDB-BB4F-414C-A5A4-4AA7E6188009} = {920731F8-74A2-4A23-8D48-F0E9E92B78C5}
		{78EAFDAB-3949-4C63-9E31-EDB5C0AC788F} = {920731F8-74A2-4A23-8D48-F0E9E92B78C5}
		{54D7B0EB-A956-4F1B-AA9F-A07683ECC7FB} = {BE8C681B-6D55-4EC4-9878-D7556DE40F24}
		{FB9F8832-04C2-47D9-9567-3EF90B4EF627} = {54D7B0EB-A956-4F1B-AA9F-A07683ECC7FB}
		{72D5216A-C18F-4F51-8616-7D11AA38898B} = {54D7B0EB-A956-4F1B-AA9F-A07683ECC7FB}
		{F98B1594-AA82-4567-9656-1F3640838313} = {54D7B0EB-A956-4F1B-AA9F-A07683ECC7FB}
		{87A2ED1A-57AF-4DEF-AA8C-A623C9E305A7} = {54D7B0EB-A956-4F1B-AA9F-A07683ECC7FB}
		{B3CCF74E-8CC1-4CBF-B348-95BD73AD121A} = {920731F8-74A2-4A23-8D48-F0E9E92B78C5}
		{41C8F9D4-39CD-4B6A-9539-01A79693FC4B} = {920731F8-74A2-4A23-8D48-F0E9E92B78C5}
		{6F00CEA7-9223-446C-9E1A-B780D1C24871} = {B9D470C6-C190-4864-AB21-9709B326B651}
		{43C02420-BDBA-40EE-ACEB-43DD9EEFD3C4} = {B9D470C6-C190-4864-AB21-9709B326B651}
		{F604DBF4-824F-4764-B5B8-8D4899791EA2} = {B9D470C6-C190-4864-AB21-9709B326B651}
		{EF49AA24-6797-4E9D-B73D-13FCE628A959} = {B9D470C6-C190-4864-AB21-9709B326B651}
		{B9D470C6-C190-4864-AB21-9709B326B651} = {BE8C681B-6D55-4EC4-9878-D7556DE40F24}
		{3AC468F6-A379-44E9-8B3E-F1904FF6CD58} = {BE8C681B-6D55-4EC4-9878-D7556DE40F24}
		{14E307E4-1387-401D-A486-0EE9F2AB0A27} = {3AC468F6-A379-44E9-8B3E-F1904FF6CD58}
		{3F9EFD65-EDCD-4DBA-AF9B-B2246B313C03} = {3AC468F6-A379-44E9-8B3E-F1904FF6CD58}
		{78F58E04-7F68-4851-AE88-AC3D7821073B} = {3AC468F6-A379-44E9-8B3E-F1904FF6CD58}
		{D2F5B007-AFDB-4BD8-B285-F4953C7D7C9D} = {3AC468F6-A379-44E9-8B3E-F1904FF6CD58}
		{44781298-3F4E-4079-BDF4-EABE80FF71B7} = {BE8C681B-6D55-4EC4-9878-D7556DE40F24}
		{C3D902BD-E2B3-4095-8B10-1786167782AB} = {44781298-3F4E-4079-BDF4-EABE80FF71B7}
		{CBAE9428-ADF3-4898-A4BF-931E2B6632C1} = {44781298-3F4E-4079-BDF4-EABE80FF71B7}
		{5F5E3ABB-AB8A-4054-BF73-2D240C34EF64} = {44781298-3F4E-4079-BDF4-EABE80FF71B7}
		{74E1AEF7-E76C-4D3F-898A-893FDF6C8C6A} = {44781298-3F4E-4079-BDF4-EABE80FF71B7}
		{9245920F-AEBA-4EC0-A853-1A60517F5667} = {E4543292-3B1A-407D-A687-D32FDD507383}
		{E4543292-3B1A-407D-A687-D32FDD507383} = {BE8C681B-6D55-4EC4-9878-D7556DE40F24}
		{F5DF5CC8-D3A7-4E00-85C3-92419F3F2ACB} = {E4543292-3B1A-407D-A687-D32FDD507383}
		{FC4C63EB-CB64-46D8-8B6A-68B823006D47} = {E4543292-3B1A-407D-A687-D32FDD507383}
		{FB067E36-AFF8-4A58-98C3-CFFCAB76FEB5} = {E4543292-3B1A-407D-A687-D32FDD507383}
	EndGlobalSection
	GlobalSection(ExtensibilityGlobals) = postSolution
		SolutionGuid = {EE655C55-6659-46C6-A594-7185C9DFCB72}
	EndGlobalSection
EndGlobal
